
Microsoft Visual Studio Solution File, Format Version 12.00
# Visual Studio Version 16
VisualStudioVersion = 16.0.29215.179
MinimumVisualStudioVersion = 10.0.40219.1
Project("{9A19103F-16F7-4668-BE54-9A1E7A4F7556}") = "WebApplication", "SampleProject\WebApplication.csproj", "{0B913CB0-6397-4E47-90BC-E60EF4629791}"
EndProject
Project("{2150E333-8FDC-42A3-9474-1A3956D46DE8}") = "Core", "Core", "{0B4A6ADB-10C5-4DA4-AB28-8F145E874108}"
EndProject
Project("{2150E333-8FDC-42A3-9474-1A3956D46DE8}") = "DependencyInjection", "DependencyInjection", "{5CB6D724-3798-4132-9634-4E460842529E}"
EndProject
Project("{2150E333-8FDC-42A3-9474-1A3956D46DE8}") = "UserInterface", "UserInterface", "{35399A50-D138-418B-8C7F-7A0B8FE2866B}"
EndProject
Project("{2150E333-8FDC-42A3-9474-1A3956D46DE8}") = "Infrastructure", "Infrastructure", "{F196762D-D1FC-457D-88F7-B2783BC5F44B}"
EndProject
Project("{FAE04EC0-301F-11D3-BF4B-00C04F79EFBC}") = "Core.ApplicationService", "Core\Core.ApplicationService\Core.ApplicationService.csproj", "{E66D3348-4268-485F-8A3A-8270AE020E07}"
EndProject
Project("{FAE04EC0-301F-11D3-BF4B-00C04F79EFBC}") = "Core.DomainService", "Core\Core.DomainService\Core.DomainService.csproj", "{52BE2864-5AAD-47CA-84E7-0088D5448833}"
EndProject
Project("{FAE04EC0-301F-11D3-BF4B-00C04F79EFBC}") = "Core.DomainModel", "Core\Core.DomainModel\Core.DomainModel.csproj", "{210F339F-F7D7-4F07-ADC7-A0A1375FA89A}"
EndProject
Project("{FAE04EC0-301F-11D3-BF4B-00C04F79EFBC}") = "Infrastructure.DataBase", "Infrastructure.DataBase\Infrastructure.DataBase.csproj", "{1AFF8345-BB05-4F27-954E-501D9B749DEA}"
EndProject
Project("{FAE04EC0-301F-11D3-BF4B-00C04F79EFBC}") = "WebAPI", "UserInterface\WebAPI\WebAPI.csproj", "{2E27D0A7-9680-486C-B0CD-8786F31BF3C1}"
EndProject
Global
	GlobalSection(SolutionConfigurationPlatforms) = preSolution
		Debug|Any CPU = Debug|Any CPU
		Release|Any CPU = Release|Any CPU
	EndGlobalSection
	GlobalSection(ProjectConfigurationPlatforms) = postSolution
		{0B913CB0-6397-4E47-90BC-E60EF4629791}.Debug|Any CPU.ActiveCfg = Debug|Any CPU
		{0B913CB0-6397-4E47-90BC-E60EF4629791}.Debug|Any CPU.Build.0 = Debug|Any CPU
		{0B913CB0-6397-4E47-90BC-E60EF4629791}.Release|Any CPU.ActiveCfg = Release|Any CPU
		{0B913CB0-6397-4E47-90BC-E60EF4629791}.Release|Any CPU.Build.0 = Release|Any CPU
		{E66D3348-4268-485F-8A3A-8270AE020E07}.Debug|Any CPU.ActiveCfg = Debug|Any CPU
		{E66D3348-4268-485F-8A3A-8270AE020E07}.Debug|Any CPU.Build.0 = Debug|Any CPU
		{E66D3348-4268-485F-8A3A-8270AE020E07}.Release|Any CPU.ActiveCfg = Release|Any CPU
		{E66D3348-4268-485F-8A3A-8270AE020E07}.Release|Any CPU.Build.0 = Release|Any CPU
		{52BE2864-5AAD-47CA-84E7-0088D5448833}.Debug|Any CPU.ActiveCfg = Debug|Any CPU
		{52BE2864-5AAD-47CA-84E7-0088D5448833}.Debug|Any CPU.Build.0 = Debug|Any CPU
		{52BE2864-5AAD-47CA-84E7-0088D5448833}.Release|Any CPU.ActiveCfg = Release|Any CPU
		{52BE2864-5AAD-47CA-84E7-0088D5448833}.Release|Any CPU.Build.0 = Release|Any CPU
		{210F339F-F7D7-4F07-ADC7-A0A1375FA89A}.Debug|Any CPU.ActiveCfg = Debug|Any CPU
		{210F339F-F7D7-4F07-ADC7-A0A1375FA89A}.Debug|Any CPU.Build.0 = Debug|Any CPU
		{210F339F-F7D7-4F07-ADC7-A0A1375FA89A}.Release|Any CPU.ActiveCfg = Release|Any CPU
		{210F339F-F7D7-4F07-ADC7-A0A1375FA89A}.Release|Any CPU.Build.0 = Release|Any CPU
		{1AFF8345-BB05-4F27-954E-501D9B749DEA}.Debug|Any CPU.ActiveCfg = Debug|Any CPU
		{1AFF8345-BB05-4F27-954E-501D9B749DEA}.Debug|Any CPU.Build.0 = Debug|Any CPU
		{1AFF8345-BB05-4F27-954E-501D9B749DEA}.Release|Any CPU.ActiveCfg = Release|Any CPU
		{1AFF8345-BB05-4F27-954E-501D9B749DEA}.Release|Any CPU.Build.0 = Release|Any CPU
		{2E27D0A7-9680-486C-B0CD-8786F31BF3C1}.Debug|Any CPU.ActiveCfg = Debug|Any CPU
		{2E27D0A7-9680-486C-B0CD-8786F31BF3C1}.Debug|Any CPU.Build.0 = Debug|Any CPU
		{2E27D0A7-9680-486C-B0CD-8786F31BF3C1}.Release|Any CPU.ActiveCfg = Release|Any CPU
		{2E27D0A7-9680-486C-B0CD-8786F31BF3C1}.Release|Any CPU.Build.0 = Release|Any CPU
	EndGlobalSection
	GlobalSection(SolutionProperties) = preSolution
		HideSolutionNode = FALSE
	EndGlobalSection
	GlobalSection(NestedProjects) = preSolution
		{0B913CB0-6397-4E47-90BC-E60EF4629791} = {35399A50-D138-418B-8C7F-7A0B8FE2866B}
		{E66D3348-4268-485F-8A3A-8270AE020E07} = {0B4A6ADB-10C5-4DA4-AB28-8F145E874108}
		{52BE2864-5AAD-47CA-84E7-0088D5448833} = {0B4A6ADB-10C5-4DA4-AB28-8F145E874108}
		{210F339F-F7D7-4F07-ADC7-A0A1375FA89A} = {0B4A6ADB-10C5-4DA4-AB28-8F145E874108}
		{1AFF8345-BB05-4F27-954E-501D9B749DEA} = {F196762D-D1FC-457D-88F7-B2783BC5F44B}
		{2E27D0A7-9680-486C-B0CD-8786F31BF3C1} = {35399A50-D138-418B-8C7F-7A0B8FE2866B}
	EndGlobalSection
	GlobalSection(ExtensibilityGlobals) = postSolution
		SolutionGuid = {D29A92EA-809F-4DEC-80B0-36DD5F4B97BE}
	EndGlobalSection
EndGlobal
