
Microsoft Visual Studio Solution File, Format Version 12.00
# Visual Studio Version 16
VisualStudioVersion = 16.0.29215.179
MinimumVisualStudioVersion = 10.0.40219.1
Project("{2150E333-8FDC-42A3-9474-1A3956D46DE8}") = "Core", "Core", "{0B4A6ADB-10C5-4DA4-AB28-8F145E874108}"
EndProject
Project("{2150E333-8FDC-42A3-9474-1A3956D46DE8}") = "UserInterface", "UserInterface", "{35399A50-D138-418B-8C7F-7A0B8FE2866B}"
EndProject
Project("{2150E333-8FDC-42A3-9474-1A3956D46DE8}") = "Infrastructure", "Infrastructure", "{F196762D-D1FC-457D-88F7-B2783BC5F44B}"
EndProject
Project("{9A19103F-16F7-4668-BE54-9A1E7A4F7556}") = "Core.ApplicationService", "Core\Core.ApplicationService\Core.ApplicationService.csproj", "{E66D3348-4268-485F-8A3A-8270AE020E07}"
EndProject
Project("{9A19103F-16F7-4668-BE54-9A1E7A4F7556}") = "Core.DomainService", "Core\Core.DomainService\Core.DomainService.csproj", "{52BE2864-5AAD-47CA-84E7-0088D5448833}"
EndProject
Project("{9A19103F-16F7-4668-BE54-9A1E7A4F7556}") = "Core.DomainModel", "Core\Core.DomainModel\Core.DomainModel.csproj", "{210F339F-F7D7-4F07-ADC7-A0A1375FA89A}"
EndProject
Project("{2150E333-8FDC-42A3-9474-1A3956D46DE8}") = "Test", "Test", "{3AC6E43E-83E8-4159-9883-1C3C2E951ACC}"
EndProject
Project("{9A19103F-16F7-4668-BE54-9A1E7A4F7556}") = "Test.UnitTest", "Test\Test.UnitTest\Test.UnitTest.csproj", "{0B326345-DB88-45B8-A26A-E9AA70B67EC4}"
	ProjectSection(ProjectDependencies) = postProject
		{86EA095F-2717-464A-8CC2-ED3FCC9451CE} = {86EA095F-2717-464A-8CC2-ED3FCC9451CE}
		{C24B74CA-C019-4DE1-B2DA-9599198D31BC} = {C24B74CA-C019-4DE1-B2DA-9599198D31BC}
	EndProjectSection
EndProject
Project("{9A19103F-16F7-4668-BE54-9A1E7A4F7556}") = "Test.IntegrationTest", "Test\Test.IntegrationTest\Test.IntegrationTest.csproj", "{78655E55-8C4D-488A-8D1E-F3F20A318736}"
	ProjectSection(ProjectDependencies) = postProject
		{C24B74CA-C019-4DE1-B2DA-9599198D31BC} = {C24B74CA-C019-4DE1-B2DA-9599198D31BC}
	EndProjectSection
EndProject
Project("{2150E333-8FDC-42A3-9474-1A3956D46DE8}") = "DependencyInversion", "DependencyInversion", "{81118FB1-53EC-4F7F-B423-1E9018AB95FA}"
EndProject
Project("{2150E333-8FDC-42A3-9474-1A3956D46DE8}") = "MicroService", "MicroService", "{3AB62243-C9F5-42E4-973D-74B493C6B5EB}"
EndProject
Project("{9A19103F-16F7-4668-BE54-9A1E7A4F7556}") = "MicroService.AuthenticationService", "MicroService\MicroService.AuthenticationService\MicroService.AuthenticationService.csproj", "{970498DB-E16B-4A15-8B45-5E8C7FB0D28F}"
	ProjectSection(ProjectDependencies) = postProject
		{86EA095F-2717-464A-8CC2-ED3FCC9451CE} = {86EA095F-2717-464A-8CC2-ED3FCC9451CE}
	EndProjectSection
EndProject
Project("{9A19103F-16F7-4668-BE54-9A1E7A4F7556}") = "MicroService.CRUDService", "MicroService\MicroService.CRUDService\MicroService.CRUDService.csproj", "{D4F4E365-A8E9-451D-A5F1-6AC3B99DA452}"
	ProjectSection(ProjectDependencies) = postProject
		{86EA095F-2717-464A-8CC2-ED3FCC9451CE} = {86EA095F-2717-464A-8CC2-ED3FCC9451CE}
	EndProjectSection
EndProject
Project("{9A19103F-16F7-4668-BE54-9A1E7A4F7556}") = "UserInterface.WebApplication", "UserInterface\UserInterface.WebApplication\UserInterface.WebApplication.csproj", "{E0622D70-D21C-445B-8304-C840F4DF8BBF}"
EndProject
Project("{2150E333-8FDC-42A3-9474-1A3956D46DE8}") = "APIManager", "APIManager", "{EBB93C37-CBA2-4DE1-947B-A1DCFED2DCEC}"
EndProject
Project("{9A19103F-16F7-4668-BE54-9A1E7A4F7556}") = "APIManager.WebAPIGateway", "APIManager\APIManager.WebAPIGateway\APIManager.WebAPIGateway.csproj", "{73AC12EC-3B55-4802-87DE-5FF790E92C9C}"
	ProjectSection(ProjectDependencies) = postProject
		{86EA095F-2717-464A-8CC2-ED3FCC9451CE} = {86EA095F-2717-464A-8CC2-ED3FCC9451CE}
	EndProjectSection
EndProject
Project("{9A19103F-16F7-4668-BE54-9A1E7A4F7556}") = "Infrastructure.DataBase", "Infrastructure\Infrastructure.DataBase\Infrastructure.DataBase.csproj", "{5599007E-DA72-416F-96DB-A3335B447ECF}"
EndProject
Project("{9A19103F-16F7-4668-BE54-9A1E7A4F7556}") = "DependencyInversion.Injector", "DependencyInversion\DependencyInversion.Injector\DependencyInversion.Injector.csproj", "{86EA095F-2717-464A-8CC2-ED3FCC9451CE}"
EndProject
Project("{FAE04EC0-301F-11D3-BF4B-00C04F79EFBC}") = "Test.Common", "Test\Test.Common\Test.Common.csproj", "{C24B74CA-C019-4DE1-B2DA-9599198D31BC}"
EndProject
Global
	GlobalSection(SolutionConfigurationPlatforms) = preSolution
		Debug|Any CPU = Debug|Any CPU
		Release|Any CPU = Release|Any CPU
	EndGlobalSection
	GlobalSection(ProjectConfigurationPlatforms) = postSolution
		{E66D3348-4268-485F-8A3A-8270AE020E07}.Debug|Any CPU.ActiveCfg = Debug|Any CPU
		{E66D3348-4268-485F-8A3A-8270AE020E07}.Debug|Any CPU.Build.0 = Debug|Any CPU
		{E66D3348-4268-485F-8A3A-8270AE020E07}.Release|Any CPU.ActiveCfg = Release|Any CPU
		{E66D3348-4268-485F-8A3A-8270AE020E07}.Release|Any CPU.Build.0 = Release|Any CPU
		{52BE2864-5AAD-47CA-84E7-0088D5448833}.Debug|Any CPU.ActiveCfg = Debug|Any CPU
		{52BE2864-5AAD-47CA-84E7-0088D5448833}.Debug|Any CPU.Build.0 = Debug|Any CPU
		{52BE2864-5AAD-47CA-84E7-0088D5448833}.Release|Any CPU.ActiveCfg = Release|Any CPU
		{52BE2864-5AAD-47CA-84E7-0088D5448833}.Release|Any CPU.Build.0 = Release|Any CPU
		{210F339F-F7D7-4F07-ADC7-A0A1375FA89A}.Debug|Any CPU.ActiveCfg = Debug|Any CPU
		{210F339F-F7D7-4F07-ADC7-A0A1375FA89A}.Debug|Any CPU.Build.0 = Debug|Any CPU
		{210F339F-F7D7-4F07-ADC7-A0A1375FA89A}.Release|Any CPU.ActiveCfg = Release|Any CPU
		{210F339F-F7D7-4F07-ADC7-A0A1375FA89A}.Release|Any CPU.Build.0 = Release|Any CPU
		{0B326345-DB88-45B8-A26A-E9AA70B67EC4}.Debug|Any CPU.ActiveCfg = Debug|Any CPU
		{0B326345-DB88-45B8-A26A-E9AA70B67EC4}.Debug|Any CPU.Build.0 = Debug|Any CPU
		{0B326345-DB88-45B8-A26A-E9AA70B67EC4}.Release|Any CPU.ActiveCfg = Release|Any CPU
		{0B326345-DB88-45B8-A26A-E9AA70B67EC4}.Release|Any CPU.Build.0 = Release|Any CPU
		{78655E55-8C4D-488A-8D1E-F3F20A318736}.Debug|Any CPU.ActiveCfg = Debug|Any CPU
		{78655E55-8C4D-488A-8D1E-F3F20A318736}.Debug|Any CPU.Build.0 = Debug|Any CPU
		{78655E55-8C4D-488A-8D1E-F3F20A318736}.Release|Any CPU.ActiveCfg = Release|Any CPU
		{78655E55-8C4D-488A-8D1E-F3F20A318736}.Release|Any CPU.Build.0 = Release|Any CPU
		{970498DB-E16B-4A15-8B45-5E8C7FB0D28F}.Debug|Any CPU.ActiveCfg = Debug|Any CPU
		{970498DB-E16B-4A15-8B45-5E8C7FB0D28F}.Debug|Any CPU.Build.0 = Debug|Any CPU
		{970498DB-E16B-4A15-8B45-5E8C7FB0D28F}.Release|Any CPU.ActiveCfg = Release|Any CPU
		{970498DB-E16B-4A15-8B45-5E8C7FB0D28F}.Release|Any CPU.Build.0 = Release|Any CPU
		{D4F4E365-A8E9-451D-A5F1-6AC3B99DA452}.Debug|Any CPU.ActiveCfg = Debug|Any CPU
		{D4F4E365-A8E9-451D-A5F1-6AC3B99DA452}.Debug|Any CPU.Build.0 = Debug|Any CPU
		{D4F4E365-A8E9-451D-A5F1-6AC3B99DA452}.Release|Any CPU.ActiveCfg = Release|Any CPU
		{D4F4E365-A8E9-451D-A5F1-6AC3B99DA452}.Release|Any CPU.Build.0 = Release|Any CPU
		{E0622D70-D21C-445B-8304-C840F4DF8BBF}.Debug|Any CPU.ActiveCfg = Debug|Any CPU
		{E0622D70-D21C-445B-8304-C840F4DF8BBF}.Debug|Any CPU.Build.0 = Debug|Any CPU
		{E0622D70-D21C-445B-8304-C840F4DF8BBF}.Release|Any CPU.ActiveCfg = Release|Any CPU
		{E0622D70-D21C-445B-8304-C840F4DF8BBF}.Release|Any CPU.Build.0 = Release|Any CPU
		{73AC12EC-3B55-4802-87DE-5FF790E92C9C}.Debug|Any CPU.ActiveCfg = Debug|Any CPU
		{73AC12EC-3B55-4802-87DE-5FF790E92C9C}.Debug|Any CPU.Build.0 = Debug|Any CPU
		{73AC12EC-3B55-4802-87DE-5FF790E92C9C}.Release|Any CPU.ActiveCfg = Release|Any CPU
		{73AC12EC-3B55-4802-87DE-5FF790E92C9C}.Release|Any CPU.Build.0 = Release|Any CPU
		{5599007E-DA72-416F-96DB-A3335B447ECF}.Debug|Any CPU.ActiveCfg = Debug|Any CPU
		{5599007E-DA72-416F-96DB-A3335B447ECF}.Debug|Any CPU.Build.0 = Debug|Any CPU
		{5599007E-DA72-416F-96DB-A3335B447ECF}.Release|Any CPU.ActiveCfg = Release|Any CPU
		{5599007E-DA72-416F-96DB-A3335B447ECF}.Release|Any CPU.Build.0 = Release|Any CPU
		{86EA095F-2717-464A-8CC2-ED3FCC9451CE}.Debug|Any CPU.ActiveCfg = Debug|Any CPU
		{86EA095F-2717-464A-8CC2-ED3FCC9451CE}.Debug|Any CPU.Build.0 = Debug|Any CPU
		{86EA095F-2717-464A-8CC2-ED3FCC9451CE}.Release|Any CPU.ActiveCfg = Release|Any CPU
		{86EA095F-2717-464A-8CC2-ED3FCC9451CE}.Release|Any CPU.Build.0 = Release|Any CPU
		{C24B74CA-C019-4DE1-B2DA-9599198D31BC}.Debug|Any CPU.ActiveCfg = Debug|Any CPU
		{C24B74CA-C019-4DE1-B2DA-9599198D31BC}.Debug|Any CPU.Build.0 = Debug|Any CPU
		{C24B74CA-C019-4DE1-B2DA-9599198D31BC}.Release|Any CPU.ActiveCfg = Release|Any CPU
		{C24B74CA-C019-4DE1-B2DA-9599198D31BC}.Release|Any CPU.Build.0 = Release|Any CPU
	EndGlobalSection
	GlobalSection(SolutionProperties) = preSolution
		HideSolutionNode = FALSE
	EndGlobalSection
	GlobalSection(NestedProjects) = preSolution
		{E66D3348-4268-485F-8A3A-8270AE020E07} = {0B4A6ADB-10C5-4DA4-AB28-8F145E874108}
		{52BE2864-5AAD-47CA-84E7-0088D5448833} = {0B4A6ADB-10C5-4DA4-AB28-8F145E874108}
		{210F339F-F7D7-4F07-ADC7-A0A1375FA89A} = {0B4A6ADB-10C5-4DA4-AB28-8F145E874108}
		{0B326345-DB88-45B8-A26A-E9AA70B67EC4} = {3AC6E43E-83E8-4159-9883-1C3C2E951ACC}
		{78655E55-8C4D-488A-8D1E-F3F20A318736} = {3AC6E43E-83E8-4159-9883-1C3C2E951ACC}
		{970498DB-E16B-4A15-8B45-5E8C7FB0D28F} = {3AB62243-C9F5-42E4-973D-74B493C6B5EB}
		{D4F4E365-A8E9-451D-A5F1-6AC3B99DA452} = {3AB62243-C9F5-42E4-973D-74B493C6B5EB}
		{E0622D70-D21C-445B-8304-C840F4DF8BBF} = {35399A50-D138-418B-8C7F-7A0B8FE2866B}
		{73AC12EC-3B55-4802-87DE-5FF790E92C9C} = {EBB93C37-CBA2-4DE1-947B-A1DCFED2DCEC}
		{5599007E-DA72-416F-96DB-A3335B447ECF} = {F196762D-D1FC-457D-88F7-B2783BC5F44B}
		{86EA095F-2717-464A-8CC2-ED3FCC9451CE} = {81118FB1-53EC-4F7F-B423-1E9018AB95FA}
		{C24B74CA-C019-4DE1-B2DA-9599198D31BC} = {3AC6E43E-83E8-4159-9883-1C3C2E951ACC}
	EndGlobalSection
	GlobalSection(ExtensibilityGlobals) = postSolution
		SolutionGuid = {D29A92EA-809F-4DEC-80B0-36DD5F4B97BE}
	EndGlobalSection
EndGlobal
