
Microsoft Visual Studio Solution File, Format Version 12.00
# Visual Studio Version 16
VisualStudioVersion = 16.0.29215.179
MinimumVisualStudioVersion = 10.0.40219.1
Project("{2150E333-8FDC-42A3-9474-1A3956D46DE8}") = "Core", "Core", "{0B4A6ADB-10C5-4DA4-AB28-8F145E874108}"
EndProject
Project("{2150E333-8FDC-42A3-9474-1A3956D46DE8}") = "UserInterface", "UserInterface", "{35399A50-D138-418B-8C7F-7A0B8FE2866B}"
EndProject
Project("{2150E333-8FDC-42A3-9474-1A3956D46DE8}") = "Infrastructure", "Infrastructure", "{F196762D-D1FC-457D-88F7-B2783BC5F44B}"
EndProject
Project("{9A19103F-16F7-4668-BE54-9A1E7A4F7556}") = "Core.ApplicationService", "Core\Core.ApplicationService\Core.ApplicationService.csproj", "{E66D3348-4268-485F-8A3A-8270AE020E07}"
EndProject
Project("{9A19103F-16F7-4668-BE54-9A1E7A4F7556}") = "Core.DomainService", "Core\Core.DomainService\Core.DomainService.csproj", "{52BE2864-5AAD-47CA-84E7-0088D5448833}"
EndProject
Project("{9A19103F-16F7-4668-BE54-9A1E7A4F7556}") = "Core.DomainModel", "Core\Core.DomainModel\Core.DomainModel.csproj", "{210F339F-F7D7-4F07-ADC7-A0A1375FA89A}"
EndProject
Project("{2150E333-8FDC-42A3-9474-1A3956D46DE8}") = "Test", "Test", "{3AC6E43E-83E8-4159-9883-1C3C2E951ACC}"
EndProject
Project("{9A19103F-16F7-4668-BE54-9A1E7A4F7556}") = "Test.UnitTest", "Test\Test.UnitTest\Test.UnitTest.csproj", "{0B326345-DB88-45B8-A26A-E9AA70B67EC4}"
	ProjectSection(ProjectDependencies) = postProject
		{86EA095F-2717-464A-8CC2-ED3FCC9451CE} = {86EA095F-2717-464A-8CC2-ED3FCC9451CE}
		{C24B74CA-C019-4DE1-B2DA-9599198D31BC} = {C24B74CA-C019-4DE1-B2DA-9599198D31BC}
	EndProjectSection
EndProject
Project("{9A19103F-16F7-4668-BE54-9A1E7A4F7556}") = "Test.IntegrationTest", "Test\Test.IntegrationTest\Test.IntegrationTest.csproj", "{78655E55-8C4D-488A-8D1E-F3F20A318736}"
	ProjectSection(ProjectDependencies) = postProject
		{C24B74CA-C019-4DE1-B2DA-9599198D31BC} = {C24B74CA-C019-4DE1-B2DA-9599198D31BC}
	EndProjectSection
EndProject
Project("{2150E333-8FDC-42A3-9474-1A3956D46DE8}") = "DependencyInversion", "DependencyInversion", "{81118FB1-53EC-4F7F-B423-1E9018AB95FA}"
EndProject
Project("{2150E333-8FDC-42A3-9474-1A3956D46DE8}") = "MicroService", "MicroService", "{3AB62243-C9F5-42E4-973D-74B493C6B5EB}"
EndProject
Project("{9A19103F-16F7-4668-BE54-9A1E7A4F7556}") = "UserInterface.WebApplication", "UserInterface\UserInterface.WebApplication\UserInterface.WebApplication.csproj", "{E0622D70-D21C-445B-8304-C840F4DF8BBF}"
EndProject
Project("{2150E333-8FDC-42A3-9474-1A3956D46DE8}") = "APIManager", "APIManager", "{EBB93C37-CBA2-4DE1-947B-A1DCFED2DCEC}"
EndProject
Project("{9A19103F-16F7-4668-BE54-9A1E7A4F7556}") = "APIManager.WebAPIGateway", "APIManager\APIManager.WebAPIGateway\APIManager.WebAPIGateway.csproj", "{73AC12EC-3B55-4802-87DE-5FF790E92C9C}"
	ProjectSection(ProjectDependencies) = postProject
		{86EA095F-2717-464A-8CC2-ED3FCC9451CE} = {86EA095F-2717-464A-8CC2-ED3FCC9451CE}
	EndProjectSection
EndProject
Project("{9A19103F-16F7-4668-BE54-9A1E7A4F7556}") = "DependencyInversion.Injector", "DependencyInversion\DependencyInversion.Injector\DependencyInversion.Injector.csproj", "{86EA095F-2717-464A-8CC2-ED3FCC9451CE}"
EndProject
Project("{9A19103F-16F7-4668-BE54-9A1E7A4F7556}") = "Test.Common", "Test\Test.Common\Test.Common.csproj", "{C24B74CA-C019-4DE1-B2DA-9599198D31BC}"
EndProject
Project("{2150E333-8FDC-42A3-9474-1A3956D46DE8}") = "Authentication", "Authentication", "{48730064-430C-438F-9F5B-0A8883FC062B}"
EndProject
Project("{2150E333-8FDC-42A3-9474-1A3956D46DE8}") = "Authentication.Core", "Authentication.Core", "{7CE72BB4-EBE0-4B88-8C87-B9CA5428C6E4}"
EndProject
Project("{9A19103F-16F7-4668-BE54-9A1E7A4F7556}") = "Infrastructure.DataBase", "Infrastructure\Infrastructure.DataBase\Infrastructure.DataBase.csproj", "{6812D576-9670-4112-87D1-27F9A790026A}"
EndProject
Project("{2150E333-8FDC-42A3-9474-1A3956D46DE8}") = "CRUD", "CRUD", "{A3B4A738-D791-4D0F-B1D9-D781B27D900F}"
EndProject
Project("{9A19103F-16F7-4668-BE54-9A1E7A4F7556}") = "Authentication.Core.ApplicationService", "MicroService\Authentication\Authentication.Core\Authentication.Core.ApplicationService\Authentication.Core.ApplicationService.csproj", "{A4A86937-7815-4040-BD5F-688FCDBFE78E}"
EndProject
Project("{9A19103F-16F7-4668-BE54-9A1E7A4F7556}") = "Authentication.Core.DomainService", "MicroService\Authentication\Authentication.Core\Authentication.Core.DomainService\Authentication.Core.DomainService.csproj", "{CA3ADD3F-729B-4499-B71C-ED7038DC1F40}"
EndProject
Project("{9A19103F-16F7-4668-BE54-9A1E7A4F7556}") = "Authentication.DependencyInjector", "MicroService\Authentication\Authentication.DependencyInjector\Authentication.DependencyInjector.csproj", "{D4EF0468-C0FC-4F4F-AC80-30501E843036}"
EndProject
Project("{9A19103F-16F7-4668-BE54-9A1E7A4F7556}") = "Authentication.Infrastructure", "MicroService\Authentication\Authentication.Infrastructure\Authentication.Infrastructure.csproj", "{28557CA5-7E5A-4CA1-B317-691B78F8E36E}"
EndProject
Project("{9A19103F-16F7-4668-BE54-9A1E7A4F7556}") = "Authentication.UnitTest", "MicroService\Authentication\Authentication.UnitTest\Authentication.UnitTest.csproj", "{D690A5FA-C4B6-4B8B-8042-CC7A8AF4D35E}"
EndProject
Project("{9A19103F-16F7-4668-BE54-9A1E7A4F7556}") = "Authentication.WebAPIService", "MicroService\Authentication\Authentication.WebAPIService\Authentication.WebAPIService.csproj", "{80D34446-089C-4DD9-B572-4D49843623E1}"
EndProject
Project("{9A19103F-16F7-4668-BE54-9A1E7A4F7556}") = "CRUD.WebAPIService", "MicroService\CRUD\CRUD.WebAPIService\CRUD.WebAPIService.csproj", "{EA5CB051-6378-4B76-BF99-5224F8BC6676}"
EndProject
Project("{FAE04EC0-301F-11D3-BF4B-00C04F79EFBC}") = "CRUD.UnitTest", "MicroService\CRUD\CRUD.UnitTest\CRUD.UnitTest.csproj", "{9046B34C-F930-4EE7-8424-56D46614F689}"
EndProject
Global
	GlobalSection(SolutionConfigurationPlatforms) = preSolution
		Debug|Any CPU = Debug|Any CPU
		Release|Any CPU = Release|Any CPU
	EndGlobalSection
	GlobalSection(ProjectConfigurationPlatforms) = postSolution
		{E66D3348-4268-485F-8A3A-8270AE020E07}.Debug|Any CPU.ActiveCfg = Debug|Any CPU
		{E66D3348-4268-485F-8A3A-8270AE020E07}.Debug|Any CPU.Build.0 = Debug|Any CPU
		{E66D3348-4268-485F-8A3A-8270AE020E07}.Release|Any CPU.ActiveCfg = Release|Any CPU
		{E66D3348-4268-485F-8A3A-8270AE020E07}.Release|Any CPU.Build.0 = Release|Any CPU
		{52BE2864-5AAD-47CA-84E7-0088D5448833}.Debug|Any CPU.ActiveCfg = Debug|Any CPU
		{52BE2864-5AAD-47CA-84E7-0088D5448833}.Debug|Any CPU.Build.0 = Debug|Any CPU
		{52BE2864-5AAD-47CA-84E7-0088D5448833}.Release|Any CPU.ActiveCfg = Release|Any CPU
		{52BE2864-5AAD-47CA-84E7-0088D5448833}.Release|Any CPU.Build.0 = Release|Any CPU
		{210F339F-F7D7-4F07-ADC7-A0A1375FA89A}.Debug|Any CPU.ActiveCfg = Debug|Any CPU
		{210F339F-F7D7-4F07-ADC7-A0A1375FA89A}.Debug|Any CPU.Build.0 = Debug|Any CPU
		{210F339F-F7D7-4F07-ADC7-A0A1375FA89A}.Release|Any CPU.ActiveCfg = Release|Any CPU
		{210F339F-F7D7-4F07-ADC7-A0A1375FA89A}.Release|Any CPU.Build.0 = Release|Any CPU
		{0B326345-DB88-45B8-A26A-E9AA70B67EC4}.Debug|Any CPU.ActiveCfg = Debug|Any CPU
		{0B326345-DB88-45B8-A26A-E9AA70B67EC4}.Debug|Any CPU.Build.0 = Debug|Any CPU
		{0B326345-DB88-45B8-A26A-E9AA70B67EC4}.Release|Any CPU.ActiveCfg = Release|Any CPU
		{0B326345-DB88-45B8-A26A-E9AA70B67EC4}.Release|Any CPU.Build.0 = Release|Any CPU
		{78655E55-8C4D-488A-8D1E-F3F20A318736}.Debug|Any CPU.ActiveCfg = Debug|Any CPU
		{78655E55-8C4D-488A-8D1E-F3F20A318736}.Debug|Any CPU.Build.0 = Debug|Any CPU
		{78655E55-8C4D-488A-8D1E-F3F20A318736}.Release|Any CPU.ActiveCfg = Release|Any CPU
		{78655E55-8C4D-488A-8D1E-F3F20A318736}.Release|Any CPU.Build.0 = Release|Any CPU
		{E0622D70-D21C-445B-8304-C840F4DF8BBF}.Debug|Any CPU.ActiveCfg = Debug|Any CPU
		{E0622D70-D21C-445B-8304-C840F4DF8BBF}.Debug|Any CPU.Build.0 = Debug|Any CPU
		{E0622D70-D21C-445B-8304-C840F4DF8BBF}.Release|Any CPU.ActiveCfg = Release|Any CPU
		{E0622D70-D21C-445B-8304-C840F4DF8BBF}.Release|Any CPU.Build.0 = Release|Any CPU
		{73AC12EC-3B55-4802-87DE-5FF790E92C9C}.Debug|Any CPU.ActiveCfg = Debug|Any CPU
		{73AC12EC-3B55-4802-87DE-5FF790E92C9C}.Debug|Any CPU.Build.0 = Debug|Any CPU
		{73AC12EC-3B55-4802-87DE-5FF790E92C9C}.Release|Any CPU.ActiveCfg = Release|Any CPU
		{73AC12EC-3B55-4802-87DE-5FF790E92C9C}.Release|Any CPU.Build.0 = Release|Any CPU
		{86EA095F-2717-464A-8CC2-ED3FCC9451CE}.Debug|Any CPU.ActiveCfg = Debug|Any CPU
		{86EA095F-2717-464A-8CC2-ED3FCC9451CE}.Debug|Any CPU.Build.0 = Debug|Any CPU
		{86EA095F-2717-464A-8CC2-ED3FCC9451CE}.Release|Any CPU.ActiveCfg = Release|Any CPU
		{86EA095F-2717-464A-8CC2-ED3FCC9451CE}.Release|Any CPU.Build.0 = Release|Any CPU
		{C24B74CA-C019-4DE1-B2DA-9599198D31BC}.Debug|Any CPU.ActiveCfg = Debug|Any CPU
		{C24B74CA-C019-4DE1-B2DA-9599198D31BC}.Debug|Any CPU.Build.0 = Debug|Any CPU
		{C24B74CA-C019-4DE1-B2DA-9599198D31BC}.Release|Any CPU.ActiveCfg = Release|Any CPU
		{C24B74CA-C019-4DE1-B2DA-9599198D31BC}.Release|Any CPU.Build.0 = Release|Any CPU
		{6812D576-9670-4112-87D1-27F9A790026A}.Debug|Any CPU.ActiveCfg = Debug|Any CPU
		{6812D576-9670-4112-87D1-27F9A790026A}.Debug|Any CPU.Build.0 = Debug|Any CPU
		{6812D576-9670-4112-87D1-27F9A790026A}.Release|Any CPU.ActiveCfg = Release|Any CPU
		{6812D576-9670-4112-87D1-27F9A790026A}.Release|Any CPU.Build.0 = Release|Any CPU
		{A4A86937-7815-4040-BD5F-688FCDBFE78E}.Debug|Any CPU.ActiveCfg = Debug|Any CPU
		{A4A86937-7815-4040-BD5F-688FCDBFE78E}.Debug|Any CPU.Build.0 = Debug|Any CPU
		{A4A86937-7815-4040-BD5F-688FCDBFE78E}.Release|Any CPU.ActiveCfg = Release|Any CPU
		{A4A86937-7815-4040-BD5F-688FCDBFE78E}.Release|Any CPU.Build.0 = Release|Any CPU
		{CA3ADD3F-729B-4499-B71C-ED7038DC1F40}.Debug|Any CPU.ActiveCfg = Debug|Any CPU
		{CA3ADD3F-729B-4499-B71C-ED7038DC1F40}.Debug|Any CPU.Build.0 = Debug|Any CPU
		{CA3ADD3F-729B-4499-B71C-ED7038DC1F40}.Release|Any CPU.ActiveCfg = Release|Any CPU
		{CA3ADD3F-729B-4499-B71C-ED7038DC1F40}.Release|Any CPU.Build.0 = Release|Any CPU
		{D4EF0468-C0FC-4F4F-AC80-30501E843036}.Debug|Any CPU.ActiveCfg = Debug|Any CPU
		{D4EF0468-C0FC-4F4F-AC80-30501E843036}.Debug|Any CPU.Build.0 = Debug|Any CPU
		{D4EF0468-C0FC-4F4F-AC80-30501E843036}.Release|Any CPU.ActiveCfg = Release|Any CPU
		{D4EF0468-C0FC-4F4F-AC80-30501E843036}.Release|Any CPU.Build.0 = Release|Any CPU
		{28557CA5-7E5A-4CA1-B317-691B78F8E36E}.Debug|Any CPU.ActiveCfg = Debug|Any CPU
		{28557CA5-7E5A-4CA1-B317-691B78F8E36E}.Debug|Any CPU.Build.0 = Debug|Any CPU
		{28557CA5-7E5A-4CA1-B317-691B78F8E36E}.Release|Any CPU.ActiveCfg = Release|Any CPU
		{28557CA5-7E5A-4CA1-B317-691B78F8E36E}.Release|Any CPU.Build.0 = Release|Any CPU
		{D690A5FA-C4B6-4B8B-8042-CC7A8AF4D35E}.Debug|Any CPU.ActiveCfg = Debug|Any CPU
		{D690A5FA-C4B6-4B8B-8042-CC7A8AF4D35E}.Debug|Any CPU.Build.0 = Debug|Any CPU
		{D690A5FA-C4B6-4B8B-8042-CC7A8AF4D35E}.Release|Any CPU.ActiveCfg = Release|Any CPU
		{D690A5FA-C4B6-4B8B-8042-CC7A8AF4D35E}.Release|Any CPU.Build.0 = Release|Any CPU
		{80D34446-089C-4DD9-B572-4D49843623E1}.Debug|Any CPU.ActiveCfg = Debug|Any CPU
		{80D34446-089C-4DD9-B572-4D49843623E1}.Debug|Any CPU.Build.0 = Debug|Any CPU
		{80D34446-089C-4DD9-B572-4D49843623E1}.Release|Any CPU.ActiveCfg = Release|Any CPU
		{80D34446-089C-4DD9-B572-4D49843623E1}.Release|Any CPU.Build.0 = Release|Any CPU
		{EA5CB051-6378-4B76-BF99-5224F8BC6676}.Debug|Any CPU.ActiveCfg = Debug|Any CPU
		{EA5CB051-6378-4B76-BF99-5224F8BC6676}.Debug|Any CPU.Build.0 = Debug|Any CPU
		{EA5CB051-6378-4B76-BF99-5224F8BC6676}.Release|Any CPU.ActiveCfg = Release|Any CPU
		{EA5CB051-6378-4B76-BF99-5224F8BC6676}.Release|Any CPU.Build.0 = Release|Any CPU
		{9046B34C-F930-4EE7-8424-56D46614F689}.Debug|Any CPU.ActiveCfg = Debug|Any CPU
		{9046B34C-F930-4EE7-8424-56D46614F689}.Debug|Any CPU.Build.0 = Debug|Any CPU
		{9046B34C-F930-4EE7-8424-56D46614F689}.Release|Any CPU.ActiveCfg = Release|Any CPU
		{9046B34C-F930-4EE7-8424-56D46614F689}.Release|Any CPU.Build.0 = Release|Any CPU
	EndGlobalSection
	GlobalSection(SolutionProperties) = preSolution
		HideSolutionNode = FALSE
	EndGlobalSection
	GlobalSection(NestedProjects) = preSolution
		{E66D3348-4268-485F-8A3A-8270AE020E07} = {0B4A6ADB-10C5-4DA4-AB28-8F145E874108}
		{52BE2864-5AAD-47CA-84E7-0088D5448833} = {0B4A6ADB-10C5-4DA4-AB28-8F145E874108}
		{210F339F-F7D7-4F07-ADC7-A0A1375FA89A} = {0B4A6ADB-10C5-4DA4-AB28-8F145E874108}
		{0B326345-DB88-45B8-A26A-E9AA70B67EC4} = {3AC6E43E-83E8-4159-9883-1C3C2E951ACC}
		{78655E55-8C4D-488A-8D1E-F3F20A318736} = {3AC6E43E-83E8-4159-9883-1C3C2E951ACC}
		{E0622D70-D21C-445B-8304-C840F4DF8BBF} = {35399A50-D138-418B-8C7F-7A0B8FE2866B}
		{73AC12EC-3B55-4802-87DE-5FF790E92C9C} = {EBB93C37-CBA2-4DE1-947B-A1DCFED2DCEC}
		{86EA095F-2717-464A-8CC2-ED3FCC9451CE} = {81118FB1-53EC-4F7F-B423-1E9018AB95FA}
		{C24B74CA-C019-4DE1-B2DA-9599198D31BC} = {3AC6E43E-83E8-4159-9883-1C3C2E951ACC}
		{48730064-430C-438F-9F5B-0A8883FC062B} = {3AB62243-C9F5-42E4-973D-74B493C6B5EB}
		{7CE72BB4-EBE0-4B88-8C87-B9CA5428C6E4} = {48730064-430C-438F-9F5B-0A8883FC062B}
		{6812D576-9670-4112-87D1-27F9A790026A} = {F196762D-D1FC-457D-88F7-B2783BC5F44B}
		{A3B4A738-D791-4D0F-B1D9-D781B27D900F} = {3AB62243-C9F5-42E4-973D-74B493C6B5EB}
		{A4A86937-7815-4040-BD5F-688FCDBFE78E} = {7CE72BB4-EBE0-4B88-8C87-B9CA5428C6E4}
		{CA3ADD3F-729B-4499-B71C-ED7038DC1F40} = {7CE72BB4-EBE0-4B88-8C87-B9CA5428C6E4}
		{D4EF0468-C0FC-4F4F-AC80-30501E843036} = {48730064-430C-438F-9F5B-0A8883FC062B}
		{28557CA5-7E5A-4CA1-B317-691B78F8E36E} = {48730064-430C-438F-9F5B-0A8883FC062B}
		{D690A5FA-C4B6-4B8B-8042-CC7A8AF4D35E} = {48730064-430C-438F-9F5B-0A8883FC062B}
		{80D34446-089C-4DD9-B572-4D49843623E1} = {48730064-430C-438F-9F5B-0A8883FC062B}
		{EA5CB051-6378-4B76-BF99-5224F8BC6676} = {A3B4A738-D791-4D0F-B1D9-D781B27D900F}
		{9046B34C-F930-4EE7-8424-56D46614F689} = {A3B4A738-D791-4D0F-B1D9-D781B27D900F}
	EndGlobalSection
	GlobalSection(ExtensibilityGlobals) = postSolution
		SolutionGuid = {D29A92EA-809F-4DEC-80B0-36DD5F4B97BE}
	EndGlobalSection
EndGlobal
